
Microsoft Visual Studio Solution File, Format Version 12.00
# Visual Studio Version 16
VisualStudioVersion = 16.0.29306.81
MinimumVisualStudioVersion = 10.0.40219.1
Project("{FAE04EC0-301F-11D3-BF4B-00C04F79EFBC}") = "objectViewer", "objectViewer\objectViewer.csproj", "{6795AD25-C6C5-40F3-B79A-D2B5EB92E533}"
EndProject
Global
	GlobalSection(SolutionConfigurationPlatforms) = preSolution
		Debug|Any CPU = Debug|Any CPU
		Release|Any CPU = Release|Any CPU
	EndGlobalSection
	GlobalSection(ProjectConfigurationPlatforms) = postSolution
		{6795AD25-C6C5-40F3-B79A-D2B5EB92E533}.Debug|Any CPU.ActiveCfg = Debug|Any CPU
		{6795AD25-C6C5-40F3-B79A-D2B5EB92E533}.Debug|Any CPU.Build.0 = Debug|Any CPU
		{6795AD25-C6C5-40F3-B79A-D2B5EB92E533}.Release|Any CPU.ActiveCfg = Release|Any CPU
		{6795AD25-C6C5-40F3-B79A-D2B5EB92E533}.Release|Any CPU.Build.0 = Release|Any CPU
	EndGlobalSection
	GlobalSection(SolutionProperties) = preSolution
		HideSolutionNode = FALSE
	EndGlobalSection
	GlobalSection(ExtensibilityGlobals) = postSolution
		SolutionGuid = {EE80FC35-9656-4AEE-8387-912D74C37BCB}
	EndGlobalSection
EndGlobal
