
Microsoft Visual Studio Solution File, Format Version 12.00
# Visual Studio Version 16
VisualStudioVersion = 16.0.29306.81
MinimumVisualStudioVersion = 10.0.40219.1
Project("{FAE04EC0-301F-11D3-BF4B-00C04F79EFBC}") = "studentBook_v2", "studentBook_v2\studentBook_v2.csproj", "{A56B2902-7A64-4AB6-8237-A075EA13BAAC}"
EndProject
Global
	GlobalSection(SolutionConfigurationPlatforms) = preSolution
		Debug|Any CPU = Debug|Any CPU
		Release|Any CPU = Release|Any CPU
	EndGlobalSection
	GlobalSection(ProjectConfigurationPlatforms) = postSolution
		{A56B2902-7A64-4AB6-8237-A075EA13BAAC}.Debug|Any CPU.ActiveCfg = Debug|Any CPU
		{A56B2902-7A64-4AB6-8237-A075EA13BAAC}.Debug|Any CPU.Build.0 = Debug|Any CPU
		{A56B2902-7A64-4AB6-8237-A075EA13BAAC}.Release|Any CPU.ActiveCfg = Release|Any CPU
		{A56B2902-7A64-4AB6-8237-A075EA13BAAC}.Release|Any CPU.Build.0 = Release|Any CPU
	EndGlobalSection
	GlobalSection(SolutionProperties) = preSolution
		HideSolutionNode = FALSE
	EndGlobalSection
	GlobalSection(ExtensibilityGlobals) = postSolution
		SolutionGuid = {F298C9E5-1D4C-4C86-A71A-F23306BBE8A6}
	EndGlobalSection
EndGlobal
