
Microsoft Visual Studio Solution File, Format Version 12.00
# Visual Studio Version 17
VisualStudioVersion = 17.0.32112.339
MinimumVisualStudioVersion = 10.0.40219.1
Project("{FAE04EC0-301F-11D3-BF4B-00C04F79EFBC}") = "MyApp", "MyApp\MyApp.csproj", "{AA20DE22-CB30-4A3F-9959-1CEBD43F70F3}"
EndProject
Project("{2150E333-8FDC-42A3-9474-1A3956D46DE8}") = "Solution Items", "Solution Items", "{27590B82-40E3-4572-AC49-C2908FC83CF4}"
	ProjectSection(SolutionItems) = preProject
		.editorconfig = .editorconfig
	EndProjectSection
EndProject
Global
	GlobalSection(SolutionConfigurationPlatforms) = preSolution
		Debug|Any CPU = Debug|Any CPU
		Release|Any CPU = Release|Any CPU
	EndGlobalSection
	GlobalSection(ProjectConfigurationPlatforms) = postSolution
		{AA20DE22-CB30-4A3F-9959-1CEBD43F70F3}.Debug|Any CPU.ActiveCfg = Debug|Any CPU
		{AA20DE22-CB30-4A3F-9959-1CEBD43F70F3}.Debug|Any CPU.Build.0 = Debug|Any CPU
		{AA20DE22-CB30-4A3F-9959-1CEBD43F70F3}.Release|Any CPU.ActiveCfg = Release|Any CPU
		{AA20DE22-CB30-4A3F-9959-1CEBD43F70F3}.Release|Any CPU.Build.0 = Release|Any CPU
	EndGlobalSection
	GlobalSection(SolutionProperties) = preSolution
		HideSolutionNode = FALSE
	EndGlobalSection
	GlobalSection(ExtensibilityGlobals) = postSolution
		SolutionGuid = {56FA951F-491F-496F-A9DF-ACCD2EDD8E6C}
	EndGlobalSection
EndGlobal
