
Microsoft Visual Studio Solution File, Format Version 12.00
# Visual Studio Version 16
VisualStudioVersion = 16.0.29519.181
MinimumVisualStudioVersion = 10.0.40219.1
Project("{FAE04EC0-301F-11D3-BF4B-00C04F79EFBC}") = "HockeyUI", "WpfApplication1\HockeyUI.csproj", "{563AF589-1517-479F-BEE1-1C8204E7506C}"
EndProject
Global
	GlobalSection(SolutionConfigurationPlatforms) = preSolution
		Debug|Any CPU = Debug|Any CPU
		Release|Any CPU = Release|Any CPU
	EndGlobalSection
	GlobalSection(ProjectConfigurationPlatforms) = postSolution
		{563AF589-1517-479F-BEE1-1C8204E7506C}.Debug|Any CPU.ActiveCfg = Debug|Any CPU
		{563AF589-1517-479F-BEE1-1C8204E7506C}.Debug|Any CPU.Build.0 = Debug|Any CPU
		{563AF589-1517-479F-BEE1-1C8204E7506C}.Release|Any CPU.ActiveCfg = Release|Any CPU
		{563AF589-1517-479F-BEE1-1C8204E7506C}.Release|Any CPU.Build.0 = Release|Any CPU
	EndGlobalSection
	GlobalSection(SolutionProperties) = preSolution
		HideSolutionNode = FALSE
	EndGlobalSection
	GlobalSection(ExtensibilityGlobals) = postSolution
		SolutionGuid = {EB055667-8527-4A88-AFB7-0A5AC8EEE147}
	EndGlobalSection
EndGlobal
