
Microsoft Visual Studio Solution File, Format Version 12.00
# Visual Studio Version 16
VisualStudioVersion = 16.0.29306.81
MinimumVisualStudioVersion = 10.0.40219.1
Project("{FAE04EC0-301F-11D3-BF4B-00C04F79EFBC}") = "order_handler", "order_handler\order_handler.csproj", "{3ACB5CA7-2BA5-4823-AA3E-729D6CDF25AE}"
EndProject
Global
	GlobalSection(SolutionConfigurationPlatforms) = preSolution
		Debug|Any CPU = Debug|Any CPU
		Release|Any CPU = Release|Any CPU
	EndGlobalSection
	GlobalSection(ProjectConfigurationPlatforms) = postSolution
		{3ACB5CA7-2BA5-4823-AA3E-729D6CDF25AE}.Debug|Any CPU.ActiveCfg = Debug|Any CPU
		{3ACB5CA7-2BA5-4823-AA3E-729D6CDF25AE}.Debug|Any CPU.Build.0 = Debug|Any CPU
		{3ACB5CA7-2BA5-4823-AA3E-729D6CDF25AE}.Release|Any CPU.ActiveCfg = Release|Any CPU
		{3ACB5CA7-2BA5-4823-AA3E-729D6CDF25AE}.Release|Any CPU.Build.0 = Release|Any CPU
	EndGlobalSection
	GlobalSection(SolutionProperties) = preSolution
		HideSolutionNode = FALSE
	EndGlobalSection
	GlobalSection(ExtensibilityGlobals) = postSolution
		SolutionGuid = {48C4F684-9960-483B-AF7B-BCB98543393A}
	EndGlobalSection
EndGlobal
